
Microsoft Visual Studio Solution File, Format Version 12.00
Project("{FAE04EC0-301F-11D3-BF4B-00C04F79EFBC}") = "Agenda.Core", "Agenda.Core\Agenda.Core.csproj", "{7F34E65C-BB40-4DD0-A453-BDE656DD52A8}"
EndProject
Project("{FAE04EC0-301F-11D3-BF4B-00C04F79EFBC}") = "Agenda.Application", "Agenda.Application\Agenda.Application.csproj", "{C8E98D9C-B567-4332-8B4C-1B6DE6D4B007}"
EndProject
Project("{FAE04EC0-301F-11D3-BF4B-00C04F79EFBC}") = "Agenda.Infrastructure", "Agenda.Infrastructure\Agenda.Infrastructure.csproj", "{9DEA0E93-9F80-4C96-AA04-8C2C14FD31B9}"
EndProject
Project("{FAE04EC0-301F-11D3-BF4B-00C04F79EFBC}") = "Agenda.Web", "Agenda.Web\Agenda.Web.csproj", "{923755AC-0F20-4DB1-88A4-0AA8AAAA8CDC}"
EndProject
Global
	GlobalSection(SolutionConfigurationPlatforms) = preSolution
		Debug|Any CPU = Debug|Any CPU
		Release|Any CPU = Release|Any CPU
	EndGlobalSection
	GlobalSection(ProjectConfigurationPlatforms) = postSolution
		{7F34E65C-BB40-4DD0-A453-BDE656DD52A8}.Debug|Any CPU.ActiveCfg = Debug|Any CPU
		{7F34E65C-BB40-4DD0-A453-BDE656DD52A8}.Debug|Any CPU.Build.0 = Debug|Any CPU
		{7F34E65C-BB40-4DD0-A453-BDE656DD52A8}.Release|Any CPU.ActiveCfg = Release|Any CPU
		{7F34E65C-BB40-4DD0-A453-BDE656DD52A8}.Release|Any CPU.Build.0 = Release|Any CPU
		{C8E98D9C-B567-4332-8B4C-1B6DE6D4B007}.Debug|Any CPU.ActiveCfg = Debug|Any CPU
		{C8E98D9C-B567-4332-8B4C-1B6DE6D4B007}.Debug|Any CPU.Build.0 = Debug|Any CPU
		{C8E98D9C-B567-4332-8B4C-1B6DE6D4B007}.Release|Any CPU.ActiveCfg = Release|Any CPU
		{C8E98D9C-B567-4332-8B4C-1B6DE6D4B007}.Release|Any CPU.Build.0 = Release|Any CPU
		{9DEA0E93-9F80-4C96-AA04-8C2C14FD31B9}.Debug|Any CPU.ActiveCfg = Debug|Any CPU
		{9DEA0E93-9F80-4C96-AA04-8C2C14FD31B9}.Debug|Any CPU.Build.0 = Debug|Any CPU
		{9DEA0E93-9F80-4C96-AA04-8C2C14FD31B9}.Release|Any CPU.ActiveCfg = Release|Any CPU
		{9DEA0E93-9F80-4C96-AA04-8C2C14FD31B9}.Release|Any CPU.Build.0 = Release|Any CPU
		{923755AC-0F20-4DB1-88A4-0AA8AAAA8CDC}.Debug|Any CPU.ActiveCfg = Debug|Any CPU
		{923755AC-0F20-4DB1-88A4-0AA8AAAA8CDC}.Debug|Any CPU.Build.0 = Debug|Any CPU
		{923755AC-0F20-4DB1-88A4-0AA8AAAA8CDC}.Release|Any CPU.ActiveCfg = Release|Any CPU
		{923755AC-0F20-4DB1-88A4-0AA8AAAA8CDC}.Release|Any CPU.Build.0 = Release|Any CPU
	EndGlobalSection
EndGlobal
